<?xml version="1.0" encoding="UTF-8" standalone="yes" ?>
<CodeBlocks_project_file>
	<FileVersion major="1" minor="6" />
	<Project>
		<Option title="AC897N_AD697N_earphone_CVP" />
		<Option compiler="pi32v2_r3_lto_compiler" />
		<Build>
			<Target title="Release">
				<Option output="cpu/br30/tools/sdk.elf" prefix_auto="0" extension_auto="0" />
				<Option object_output="obj/Release/" />
				<Option type="1" />
				<Option compiler="pi32v2_r3_lto_compiler" />
				<Compiler>
					<Add option="-Wundef" />
					<Add option="-g" />
					<Add option="-Wuninitialized" />
					<Add option="-Wno-invalid-noreturn" />
					<Add option="-fno-common" />
					<Add option="-integrated-as" />
					<Add option="-Oz" />
					<Add option="-flto" />
					<Add option="-fallow-pointer-null" />
					<Add option="-fprefer-gnu-section" />
					<Add option="-Wno-shift-negative-value" />
					<Add option="-fms-extensions" />
					<Add option="-DSUPPORT_MS_EXTENSIONS" />
					<Add option="-DCONFIG_CPU_BR30" />
					<Add option="-DCONFIG_RELEASE_ENABLE" />
					<Add option="-DCONFIG_SUPPORT_WIFI_DETECT" />
					<Add option="-DCONFIG_NEW_BREDR_ENABLE" />
					<Add option="-DCONFIG_FREE_RTOS_ENABLE" />
					<Add option="-DCONFIG_EQ_SUPPORT_ASYNC" />
					<Add option="-DTCFG_APP_BT_EN=1" />
					<Add option="-DEVENT_HANDLER_NUM_CONFIG=2" />
					<Add option="-DEVENT_TOUCH_ENABLE_CONFIG=0" />
					<Add option="-DEVENT_POOL_SIZE_CONFIG=512" />
					<Add option="-DCONFIG_EVENT_KEY_MAP_ENABLE=0" />
					<Add option="-DTIMER_POOL_NUM_CONFIG=15" />
					<Add option="-DAPP_ASYNC_POOL_NUM_CONFIG=0" />
					<Add option="-DUSE_SDFILE_NEW=1" />
					<Add option="-DSDFILE_STORAGE=0" />
					<Add option="-DVFS_FILE_POOL_NUM_CONFIG=1" />
					<Add option="-DFS_VERSION=0x020001" />
					<Add option="-DFATFS_VERSION=0x020101" />
					<Add option="-DSDFILE_VERSION=0x020000" />
					<Add option="-DVFS_ENABLE=1" />
					<Add option="-DVM_MAX_SIZE_CONFIG=16*1024" />
					<Add option="-DVM_ITEM_MAX_NUM=128" />
					<Add option="-DCONFIG_TWS_ENABLE" />
					<Add option="-DCONFIG_EARPHONE_CASE_ENABLE" />
					<Add option="-DAUDIO_REC_LITE" />
					<Add option="-DAUDIO_DEC_LITE" />
					<Add option="-DAUDIO_REC_POOL_NUM=1" />
					<Add option="-DAUDIO_DEC_POOL_NUM=3" />
					<Add option="-DSBC_CUSTOM_DECODER_BUF_SIZE=1" />
					<Add option="-DCONFIG_BTCTRLER_TASK_DEL_ENABLE" />
					<Add option="-DCONFIG_UPDATA_ENABLE" />
					<Add option="-DCONFIG_OTA_UPDATA_ENABLE" />
					<Add option="-DCONFIG_ITEM_FORMAT_VM" />
					<Add option="-DCONFIG_DNS_ENABLE" />
					<Add option="-DCONFIG_ASR_ENABLE" />
					<Add option="-DCONFIG_DMS_MALLOC" />
					<Add option="-DCONFIG_MMU_ENABLE" />
					<Add option="-DCONFIG_SBC_CODEC_HW" />
					<Add option="-DCONFIG_MSBC_CODEC_HW" />
					<Add option="-DCONFIG_AEC_M=128" />
					<Add option="-DCONFIG_AUDIO_ONCHIP" />
					<Add option="-DCONFIG_MEDIA_NEW_ENABLE" />
					<Add option="-D__GCC_PI32V2__" />
					<Add option="-DCONFIG_NEW_ECC_ENABLE" />
					<Add option="-DUSB_SLAVE_SUPPORT_MSD" />
					<Add option="-DCONFIG_MOVABLE_ENABLE" />
					<Add directory="include_lib" />
					<Add directory="include_lib/driver" />
					<Add directory="include_lib/driver/device" />
					<Add directory="include_lib/driver/cpu/br30" />
					<Add directory="include_lib/system" />
					<Add directory="include_lib/system/generic" />
					<Add directory="include_lib/system/device" />
					<Add directory="include_lib/system/fs" />
					<Add directory="include_lib/system/ui" />
					<Add directory="include_lib/btctrler" />
					<Add directory="include_lib/btctrler/port/br30" />
					<Add directory="include_lib/update" />
					<Add directory="include_lib/agreement" />
					<Add directory="include_lib/btstack/third_party/common" />
					<Add directory="include_lib/btstack/third_party/rcsp" />
					<Add directory="include_lib/media/media_new" />
					<Add directory="include_lib/media/media_new/media" />
					<Add directory="include_lib/media/media_new/media/cpu/br30" />
					<Add directory="include_lib/media/media_new/media/cpu/br30/asm" />
					<Add directory="apps/common" />
					<Add directory="apps/earphone/include" />
					<Add directory="apps/common/power_manage" />
					<Add directory="apps/common/device" />
					<Add directory="apps/common/audio" />
					<Add directory="apps/common/include" />
					<Add directory="apps/common/config/include" />
					<Add directory="apps/common/dev_manager" />
					<Add directory="apps/common/third_party_profile/common" />
					<Add directory="apps/common/third_party_profile/jieli" />
					<Add directory="apps/common/third_party_profile/jieli/trans_data_demo" />
					<Add directory="apps/common/third_party_profile/jieli/online_db" />
					<Add directory="apps/common/third_party_profile/jieli/JL_rcsp" />
					<Add directory="apps/common/third_party_profile/jieli/JL_rcsp/adv_app_setting" />
					<Add directory="apps/common/third_party_profile/jieli/JL_rcsp/bt_trans_data" />
					<Add directory="apps/common/third_party_profile/jieli/JL_rcsp/adv_rcsp_protocol" />
					<Add directory="apps/common/third_party_profile/jieli/JL_rcsp/rcsp_updata" />
					<Add directory="apps/earphone/board/br30" />
					<Add directory="cpu/br30" />
					<Add directory="apps/common/third_party_profile/Tecent_LL/include" />
					<Add directory="apps/common/third_party_profile/Tecent_LL/tecent_ll_demo" />
					<Add directory="apps/common/cJSON" />
					<Add directory="apps/common/usb" />
					<Add directory="apps/common/usb/device" />
					<Add directory="apps/common/usb/host" />
					<Add directory="apps/common/third_party_profile/tm_gma_protocol" />
					<Add directory="apps/common/third_party_profile/dma_deal" />
				</Compiler>
				<Linker>
					<Add option="--plugin-opt=-pi32v2-always-use-itblock=false" />
					<Add option="--plugin-opt=-enable-ipra=true" />
					<Add option="--plugin-opt=-pi32v2-merge-max-offset=4096" />
					<Add option="--plugin-opt=-pi32v2-enable-simd=true" />
					<Add option="--plugin-opt=mcpu=r3" />
					<Add option="--plugin-opt=-enable-movable-region=true" />
					<Add option="--plugin-opt=-movable-region-section-prefix=movable.slot." />
					<Add option="--plugin-opt=-global-merge-on-const" />
					<Add option="--plugin-opt=-inline-threshold=10" />
					<Add option="--plugin-opt=-inline-normal-into-special-section=true" />
					<Add option="--plugin-opt=-dont-used-symbol-list=malloc,free,sprintf,printf,puts,putchar" />
					<Add option="--plugin-opt=save-temps" />
					<Add option="--plugin-opt=-pi32v2-enable-rep-memop" />
					<Add option="--sort-common" />
					<Add option="--dont-complain-call-overflow" />
					<Add option="--plugin-opt=-used-symbol-file=cpu/br30/sdk_used_list.used" />
					<Add option="--start-group" />
					<Add option="include_lib/liba/br30/cpu.a" />
					<Add option="include_lib/liba/br30/system.a" />
					<Add option="include_lib/liba/br30/btstack.a" />
					<Add option="include_lib/liba/br30/btctrler.a" />
					<Add option="include_lib/liba/br30/aec.a" />
					<Add option="include_lib/liba/br30/media.a" />
					<Add option="include_lib/liba/br30/libepmotion.a" />
					<Add option="include_lib/liba/br30/libAptFilt_pi32v2_OnChip.a" />
					<Add option="include_lib/liba/br30/libEchoSuppress_pi32v2_OnChip.a" />
					<Add option="include_lib/liba/br30/libNoiseSuppress_pi32v2_OnChip.a" />
					<Add option="include_lib/liba/br30/libSplittingFilter_pi32v2_OnChip.a" />
					<Add option="include_lib/liba/br30/libDelayEstimate_pi32v2_OnChip.a" />
					<Add option="include_lib/liba/br30/libOpcore_maskrom_pi32v2_OnChip.a" />
					<Add option="include_lib/liba/br30/libDualMicSystem_pi32v2_OnChip.a" />
					<Add option="include_lib/liba/br30/wtg_dec_lib.a" />
					<Add option="include_lib/liba/br30/opus_enc_lib.a" />
					<Add option="include_lib/liba/br30/sbc_eng_lib.a" />
					<Add option="include_lib/liba/br30/libFFT_pi32v2_OnChip.a" />
					<Add option="include_lib/liba/br30/br30_bt_aac_mask_code.a" />
					<Add option="include_lib/liba/br30/mp3_dec_lib.a" />
					<Add option="include_lib/liba/br30/mp3_decstream_lib.a" />
					<Add option="include_lib/liba/br30/wma_dec_lib.a" />
					<Add option="include_lib/liba/br30/wma_decstream_lib.a" />
					<Add option="include_lib/liba/br30/wav_dec_lib.a" />
					<Add option="include_lib/liba/br30/crypto_toolbox_Ospeed.a" />
					<Add option="include_lib/liba/br30/lib_esco_repair.a" />
					<Add option="include_lib/liba/br30/limiter_noiseGate.a" />
					<Add option="include_lib/liba/br30/agreement.a" />
					<Add option="include_lib/liba/br30/bt_hash_enc.a" />
					<Add option="include_lib/liba/br30/rcsp_stack.a" />
					<Add option="include_lib/liba/br30/tme_stack.a" />
					<Add option="include_lib/liba/br30/math.a" />
					<Add option="include_lib/liba/br30/JL_Phone_Call.a" />
					<Add option="include_lib/liba/br30/mma_stack.a" />
					<Add option="include_lib/liba/br30/speex_enc_lib.a" />
					<Add option="include_lib/liba/br30/media_app.a" />
					<Add option="include_lib/liba/br30/lib_sur_cal.a" />
					<Add option="include_lib/liba/br30/lib_vbass_cal.a" />
					<Add option="include_lib/liba/br30/lib_resample_cal.a" />
					<Add option="include_lib/liba/br30/lib_pitchshifter.a" />
					<Add option="include_lib/liba/br30/lfaudio_plc_lib.a" />
					<Add option="include_lib/liba/br30/update.a" />
					<Add option="include_lib/liba/br30/lib_dns.a" />
					<Add option="include_lib/liba/br30/compressor.a" />
					<Add option="include_lib/liba/br30/crossover_coff.a" />
					<Add option="include_lib/liba/br30/limiter.a" />
					<Add option="--end-group" />
					<Add option="-Tcpu/br30/sdk.ld" />
					<Add option="-M=cpu/br30/tools/sdk.map" />
					<Add library="C:/JL/pi32/pi32v2-lib/r3/libm.a" />
				</Linker>
				<ExtraCommands>
					<Add before="$compiler $options $includes -D__LD__ -E -P cpu\br30\sdk_used_list.c -o cpu\br30\sdk_used_list.used" />
					<Add before="$compiler $options $includes -D__LD__ -E -P cpu\br30\sdk_ld.c -o cpu\br30\sdk.ld" />
					<Add before="$compiler $options $includes -D__LD__ -E -P cpu\br30\tools\download.c -o cpu\br30\tools\download.bat" />
					<Add before="tools\utils\fixbat.exe cpu\br30\tools\download.bat" />
					<Add after="cpu\br30\tools\download.bat sdk" />
					<Mode after="always" />
				</ExtraCommands>
			</Target>
		</Build>
		<Unit filename="apps/common/audio/audio_digital_vol.c">
			<Option compilerVar="CC" />
		</Unit>
		<Unit filename="apps/common/audio/audio_digital_vol.h" />
		<Unit filename="apps/common/audio/audio_noise_gate.c">
			<Option compilerVar="CC" />
		</Unit>
		<Unit filename="apps/common/audio/audio_noise_gate.h" />
		<Unit filename="apps/common/audio/audio_plc.c">
			<Option compilerVar="CC" />
		</Unit>
		<Unit filename="apps/common/audio/audio_plc.h" />
		<Unit filename="apps/common/audio/sine_make.c">
			<Option compilerVar="CC" />
		</Unit>
		<Unit filename="apps/common/audio/sine_make.h" />
		<Unit filename="apps/common/audio/uartPcmSender.c">
			<Option compilerVar="CC" />
		</Unit>
		<Unit filename="apps/common/audio/wm8978/iic.c">
			<Option compilerVar="CC" />
		</Unit>
		<Unit filename="apps/common/audio/wm8978/iic.h" />
		<Unit filename="apps/common/audio/wm8978/wm8978.c">
			<Option compilerVar="CC" />
		</Unit>
		<Unit filename="apps/common/audio/wm8978/wm8978.h" />
		<Unit filename="apps/common/cJSON/cJSON.c">
			<Option compilerVar="CC" />
		</Unit>
		<Unit filename="apps/common/cJSON/cJSON.h" />
		<Unit filename="apps/common/config/app_config.c">
			<Option compilerVar="CC" />
		</Unit>
		<Unit filename="apps/common/config/bt_profile_config.c">
			<Option compilerVar="CC" />
		</Unit>
		<Unit filename="apps/common/config/ci_transport_uart.c">
			<Option compilerVar="CC" />
		</Unit>
		<Unit filename="apps/common/config/include/bt_profile_cfg.h" />
		<Unit filename="apps/common/debug/debug.c">
			<Option compilerVar="CC" />
		</Unit>
		<Unit filename="apps/common/debug/debug_lite.c">
			<Option compilerVar="CC" />
		</Unit>
		<Unit filename="apps/common/dev_manager/dev_manager.c">
			<Option compilerVar="CC" />
		</Unit>
		<Unit filename="apps/common/dev_manager/dev_manager.h" />
		<Unit filename="apps/common/dev_manager/dev_reg.c">
			<Option compilerVar="CC" />
		</Unit>
		<Unit filename="apps/common/dev_manager/dev_reg.h" />
		<Unit filename="apps/common/dev_manager/dev_update.h" />
		<Unit filename="apps/common/device/gSensor/EPMotion.h" />
		<Unit filename="apps/common/device/gSensor/SC7A20.c">
			<Option compilerVar="CC" />
		</Unit>
		<Unit filename="apps/common/device/gSensor/SC7A20.h" />
		<Unit filename="apps/common/device/gSensor/STK8321.c">
			<Option compilerVar="CC" />
		</Unit>
		<Unit filename="apps/common/device/gSensor/STK8321.h" />
		<Unit filename="apps/common/device/gSensor/da230.c">
			<Option compilerVar="CC" />
		</Unit>
		<Unit filename="apps/common/device/gSensor/da230.h" />
		<Unit filename="apps/common/device/gSensor/gSensor_manage.c">
			<Option compilerVar="CC" />
		</Unit>
		<Unit filename="apps/common/device/gSensor/gSensor_manage.h" />
		<Unit filename="apps/common/device/gSensor/mira_std.h" />
		<Unit filename="apps/common/device/gx8002_npu/gx8002_npu.c">
			<Option compilerVar="CC" />
		</Unit>
		<Unit filename="apps/common/device/gx8002_npu/gx8002_npu.h" />
		<Unit filename="apps/common/device/gx8002_npu/gx8002_npu_api.h" />
		<Unit filename="apps/common/device/gx8002_npu/gx8002_npu_event_deal.c">
			<Option compilerVar="CC" />
		</Unit>
		<Unit filename="apps/common/device/gx8002_npu/gx8002_upgrade/gx_uart_upgrade.c">
			<Option compilerVar="CC" />
		</Unit>
		<Unit filename="apps/common/device/gx8002_npu/gx8002_upgrade/gx_uart_upgrade.h" />
		<Unit filename="apps/common/device/gx8002_npu/gx8002_upgrade/gx_uart_upgrade_porting.c">
			<Option compilerVar="CC" />
		</Unit>
		<Unit filename="apps/common/device/gx8002_npu/gx8002_upgrade/gx_uart_upgrade_porting.h" />
		<Unit filename="apps/common/device/gx8002_npu/gx8002_upgrade/gx_upgrade_def.h" />
		<Unit filename="apps/common/device/gx8002_npu/gx8002_upgrade/sdfile_upgrade/gx_uart_upgrade_sdfile.c">
			<Option compilerVar="CC" />
		</Unit>
		<Unit filename="apps/common/device/gx8002_npu/gx8002_upgrade/spp_upgrade/gx_fifo.c">
			<Option compilerVar="CC" />
		</Unit>
		<Unit filename="apps/common/device/gx8002_npu/gx8002_upgrade/spp_upgrade/gx_fifo.h" />
		<Unit filename="apps/common/device/gx8002_npu/gx8002_upgrade/spp_upgrade/gx_uart_upgrade_spp.c">
			<Option compilerVar="CC" />
		</Unit>
		<Unit filename="apps/common/device/in_ear_detect/in_ear_detect.c">
			<Option compilerVar="CC" />
		</Unit>
		<Unit filename="apps/common/device/in_ear_detect/in_ear_detect.h" />
		<Unit filename="apps/common/device/in_ear_detect/in_ear_manage.c">
			<Option compilerVar="CC" />
		</Unit>
		<Unit filename="apps/common/device/in_ear_detect/in_ear_manage.h" />
		<Unit filename="apps/common/device/ir_sensor/ir_manage.c">
			<Option compilerVar="CC" />
		</Unit>
		<Unit filename="apps/common/device/ir_sensor/ir_manage.h" />
		<Unit filename="apps/common/device/ir_sensor/jsa1221.c">
			<Option compilerVar="CC" />
		</Unit>
		<Unit filename="apps/common/file_operate/file_bs_deal.c">
			<Option compilerVar="CC" />
		</Unit>
		<Unit filename="apps/common/file_operate/file_bs_deal.h" />
		<Unit filename="apps/common/file_operate/file_manager.c">
			<Option compilerVar="CC" />
		</Unit>
		<Unit filename="apps/common/file_operate/file_manager.h" />
		<Unit filename="apps/common/include/bt_common.h" />
		<Unit filename="apps/common/include/update_tws.h" />
		<Unit filename="apps/common/include/update_tws_new.h" />
		<Unit filename="apps/common/jl_kws/jl_kws_algo.c">
			<Option compilerVar="CC" />
		</Unit>
		<Unit filename="apps/common/jl_kws/jl_kws_api.h" />
		<Unit filename="apps/common/jl_kws/jl_kws_audio.c">
			<Option compilerVar="CC" />
		</Unit>
		<Unit filename="apps/common/jl_kws/jl_kws_common.h" />
		<Unit filename="apps/common/jl_kws/jl_kws_event.c">
			<Option compilerVar="CC" />
		</Unit>
		<Unit filename="apps/common/jl_kws/jl_kws_main.c">
			<Option compilerVar="CC" />
		</Unit>
		<Unit filename="apps/common/key/adkey.c">
			<Option compilerVar="CC" />
		</Unit>
		<Unit filename="apps/common/key/adkey_rtcvdd.c">
			<Option compilerVar="CC" />
		</Unit>
		<Unit filename="apps/common/key/ctmu_touch_key.c">
			<Option compilerVar="CC" />
		</Unit>
		<Unit filename="apps/common/key/iokey.c">
			<Option compilerVar="CC" />
		</Unit>
		<Unit filename="apps/common/key/irkey.c">
			<Option compilerVar="CC" />
		</Unit>
		<Unit filename="apps/common/key/key_driver.c">
			<Option compilerVar="CC" />
		</Unit>
		<Unit filename="apps/common/key/touch_key.c">
			<Option compilerVar="CC" />
		</Unit>
		<Unit filename="apps/common/key/uart_key.c">
			<Option compilerVar="CC" />
		</Unit>
		<Unit filename="apps/common/music/breakpoint.c">
			<Option compilerVar="CC" />
		</Unit>
		<Unit filename="apps/common/music/breakpoint.h" />
		<Unit filename="apps/common/music/music_decrypt.h" />
		<Unit filename="apps/common/music/music_id3.h" />
		<Unit filename="apps/common/music/music_player.c">
			<Option compilerVar="CC" />
		</Unit>
		<Unit filename="apps/common/music/music_player.h" />
		<Unit filename="apps/common/phone_message/phone_message.h" />
		<Unit filename="apps/common/storage_dev/storage_dev.h" />
		<Unit filename="apps/common/third_party_profile/TME/TME_config.c">
			<Option compilerVar="CC" />
		</Unit>
		<Unit filename="apps/common/third_party_profile/TME/TME_tws.c">
			<Option compilerVar="CC" />
		</Unit>
		<Unit filename="apps/common/third_party_profile/TME/TME_user_main.c">
			<Option compilerVar="CC" />
		</Unit>
		<Unit filename="apps/common/third_party_profile/TME/le_tme_module.c">
			<Option compilerVar="CC" />
		</Unit>
		<Unit filename="apps/common/third_party_profile/TME/le_tme_module.h" />
		<Unit filename="apps/common/third_party_profile/TME/tme_spp_user.c">
			<Option compilerVar="CC" />
		</Unit>
		<Unit filename="apps/common/third_party_profile/Tecent_LL/include/ble_qiot_common.h" />
		<Unit filename="apps/common/third_party_profile/Tecent_LL/include/ble_qiot_config.h" />
		<Unit filename="apps/common/third_party_profile/Tecent_LL/include/ble_qiot_crc.h" />
		<Unit filename="apps/common/third_party_profile/Tecent_LL/include/ble_qiot_export.h" />
		<Unit filename="apps/common/third_party_profile/Tecent_LL/include/ble_qiot_hmac.h" />
		<Unit filename="apps/common/third_party_profile/Tecent_LL/include/ble_qiot_import.h" />
		<Unit filename="apps/common/third_party_profile/Tecent_LL/include/ble_qiot_llsync_data.h" />
		<Unit filename="apps/common/third_party_profile/Tecent_LL/include/ble_qiot_llsync_device.h" />
		<Unit filename="apps/common/third_party_profile/Tecent_LL/include/ble_qiot_llsync_event.h" />
		<Unit filename="apps/common/third_party_profile/Tecent_LL/include/ble_qiot_llsync_ota.h" />
		<Unit filename="apps/common/third_party_profile/Tecent_LL/include/ble_qiot_log.h" />
		<Unit filename="apps/common/third_party_profile/Tecent_LL/include/ble_qiot_md5.h" />
		<Unit filename="apps/common/third_party_profile/Tecent_LL/include/ble_qiot_param_check.h" />
		<Unit filename="apps/common/third_party_profile/Tecent_LL/include/ble_qiot_service.h" />
		<Unit filename="apps/common/third_party_profile/Tecent_LL/include/ble_qiot_sha1.h" />
		<Unit filename="apps/common/third_party_profile/Tecent_LL/include/ble_qiot_template.h" />
		<Unit filename="apps/common/third_party_profile/Tecent_LL/include/ble_qiot_utils_base64.h" />
		<Unit filename="apps/common/third_party_profile/Tecent_LL/tecent_ll_demo/ll_demo.c">
			<Option compilerVar="CC" />
		</Unit>
		<Unit filename="apps/common/third_party_profile/Tecent_LL/tecent_ll_demo/ll_demo.h" />
		<Unit filename="apps/common/third_party_profile/Tecent_LL/tecent_ll_demo/ll_task.c">
			<Option compilerVar="CC" />
		</Unit>
		<Unit filename="apps/common/third_party_profile/Tecent_LL/tecent_ll_demo/ll_task.h" />
		<Unit filename="apps/common/third_party_profile/Tecent_LL/tecent_protocol/ble_qiot_import.c">
			<Option compilerVar="CC" />
		</Unit>
		<Unit filename="apps/common/third_party_profile/Tecent_LL/tecent_protocol/ble_qiot_llsync_data.c">
			<Option compilerVar="CC" />
		</Unit>
		<Unit filename="apps/common/third_party_profile/Tecent_LL/tecent_protocol/ble_qiot_llsync_device.c">
			<Option compilerVar="CC" />
		</Unit>
		<Unit filename="apps/common/third_party_profile/Tecent_LL/tecent_protocol/ble_qiot_llsync_event.c">
			<Option compilerVar="CC" />
		</Unit>
		<Unit filename="apps/common/third_party_profile/Tecent_LL/tecent_protocol/ble_qiot_llsync_ota.c">
			<Option compilerVar="CC" />
		</Unit>
		<Unit filename="apps/common/third_party_profile/Tecent_LL/tecent_protocol/ble_qiot_service.c">
			<Option compilerVar="CC" />
		</Unit>
		<Unit filename="apps/common/third_party_profile/Tecent_LL/tecent_protocol/ble_qiot_template.c">
			<Option compilerVar="CC" />
		</Unit>
		<Unit filename="apps/common/third_party_profile/Tecent_LL/tecent_protocol/ble_qiot_utils_base64.c">
			<Option compilerVar="CC" />
		</Unit>
		<Unit filename="apps/common/third_party_profile/Tecent_LL/tecent_protocol/ble_qiot_utils_crc.c">
			<Option compilerVar="CC" />
		</Unit>
		<Unit filename="apps/common/third_party_profile/Tecent_LL/tecent_protocol/ble_qiot_utils_hmac.c">
			<Option compilerVar="CC" />
		</Unit>
		<Unit filename="apps/common/third_party_profile/Tecent_LL/tecent_protocol/ble_qiot_utils_log.c">
			<Option compilerVar="CC" />
		</Unit>
		<Unit filename="apps/common/third_party_profile/Tecent_LL/tecent_protocol/ble_qiot_utils_md5.c">
			<Option compilerVar="CC" />
		</Unit>
		<Unit filename="apps/common/third_party_profile/Tecent_LL/tecent_protocol/ble_qiot_utils_sha1.c">
			<Option compilerVar="CC" />
		</Unit>
		<Unit filename="apps/common/third_party_profile/common/3th_profile_api.c">
			<Option compilerVar="CC" />
		</Unit>
		<Unit filename="apps/common/third_party_profile/common/3th_profile_api.h" />
		<Unit filename="apps/common/third_party_profile/common/custom_cfg.c">
			<Option compilerVar="CC" />
		</Unit>
		<Unit filename="apps/common/third_party_profile/common/custom_cfg.h" />
		<Unit filename="apps/common/third_party_profile/common/mic_rec.c">
			<Option compilerVar="CC" />
		</Unit>
		<Unit filename="apps/common/third_party_profile/jieli/JL_rcsp/adv_app_setting/adv_bt_name_setting.c">
			<Option compilerVar="CC" />
		</Unit>
		<Unit filename="apps/common/third_party_profile/jieli/JL_rcsp/adv_app_setting/adv_bt_name_setting.h" />
		<Unit filename="apps/common/third_party_profile/jieli/JL_rcsp/adv_app_setting/adv_eq_setting.c">
			<Option compilerVar="CC" />
		</Unit>
		<Unit filename="apps/common/third_party_profile/jieli/JL_rcsp/adv_app_setting/adv_eq_setting.h" />
		<Unit filename="apps/common/third_party_profile/jieli/JL_rcsp/adv_app_setting/adv_high_low_vol.h" />
		<Unit filename="apps/common/third_party_profile/jieli/JL_rcsp/adv_app_setting/adv_high_low_vol_setting.c">
			<Option compilerVar="CC" />
		</Unit>
		<Unit filename="apps/common/third_party_profile/jieli/JL_rcsp/adv_app_setting/adv_key_setting.c">
			<Option compilerVar="CC" />
		</Unit>
		<Unit filename="apps/common/third_party_profile/jieli/JL_rcsp/adv_app_setting/adv_key_setting.h" />
		<Unit filename="apps/common/third_party_profile/jieli/JL_rcsp/adv_app_setting/adv_led_setting.c">
			<Option compilerVar="CC" />
		</Unit>
		<Unit filename="apps/common/third_party_profile/jieli/JL_rcsp/adv_app_setting/adv_led_setting.h" />
		<Unit filename="apps/common/third_party_profile/jieli/JL_rcsp/adv_app_setting/adv_mic_setting.c">
			<Option compilerVar="CC" />
		</Unit>
		<Unit filename="apps/common/third_party_profile/jieli/JL_rcsp/adv_app_setting/adv_mic_setting.h" />
		<Unit filename="apps/common/third_party_profile/jieli/JL_rcsp/adv_app_setting/adv_music_info_setting.c">
			<Option compilerVar="CC" />
		</Unit>
		<Unit filename="apps/common/third_party_profile/jieli/JL_rcsp/adv_app_setting/adv_music_info_setting.h" />
		<Unit filename="apps/common/third_party_profile/jieli/JL_rcsp/adv_app_setting/adv_setting_common.h" />
		<Unit filename="apps/common/third_party_profile/jieli/JL_rcsp/adv_app_setting/adv_time_stamp_setting.c">
			<Option compilerVar="CC" />
		</Unit>
		<Unit filename="apps/common/third_party_profile/jieli/JL_rcsp/adv_app_setting/adv_time_stamp_setting.h" />
		<Unit filename="apps/common/third_party_profile/jieli/JL_rcsp/adv_app_setting/adv_work_setting.c">
			<Option compilerVar="CC" />
		</Unit>
		<Unit filename="apps/common/third_party_profile/jieli/JL_rcsp/adv_app_setting/adv_work_setting.h" />
		<Unit filename="apps/common/third_party_profile/jieli/JL_rcsp/adv_rcsp_protocol/rcsp_adv_bluetooth.c">
			<Option compilerVar="CC" />
		</Unit>
		<Unit filename="apps/common/third_party_profile/jieli/JL_rcsp/adv_rcsp_protocol/rcsp_adv_bluetooth.h" />
		<Unit filename="apps/common/third_party_profile/jieli/JL_rcsp/adv_rcsp_protocol/rcsp_adv_customer_user.c">
			<Option compilerVar="CC" />
		</Unit>
		<Unit filename="apps/common/third_party_profile/jieli/JL_rcsp/adv_rcsp_protocol/rcsp_adv_customer_user.h" />
		<Unit filename="apps/common/third_party_profile/jieli/JL_rcsp/adv_rcsp_protocol/rcsp_adv_opt.c">
			<Option compilerVar="CC" />
		</Unit>
		<Unit filename="apps/common/third_party_profile/jieli/JL_rcsp/adv_rcsp_protocol/rcsp_adv_opt.h" />
		<Unit filename="apps/common/third_party_profile/jieli/JL_rcsp/adv_rcsp_protocol/rcsp_adv_tws_sync.c">
			<Option compilerVar="CC" />
		</Unit>
		<Unit filename="apps/common/third_party_profile/jieli/JL_rcsp/adv_rcsp_protocol/rcsp_adv_tws_sync.h" />
		<Unit filename="apps/common/third_party_profile/jieli/JL_rcsp/bt_trans_data/le_rcsp_adv_module.c">
			<Option compilerVar="CC" />
		</Unit>
		<Unit filename="apps/common/third_party_profile/jieli/JL_rcsp/bt_trans_data/le_rcsp_adv_module.h" />
		<Unit filename="apps/common/third_party_profile/jieli/JL_rcsp/bt_trans_data/rcsp_adv_spp_user.c">
			<Option compilerVar="CC" />
		</Unit>
		<Unit filename="apps/common/third_party_profile/jieli/JL_rcsp/btcrypt.h" />
		<Unit filename="apps/common/third_party_profile/jieli/JL_rcsp/rcsp_bluetooth.h" />
		<Unit filename="apps/common/third_party_profile/jieli/JL_rcsp/rcsp_msg.h" />
		<Unit filename="apps/common/third_party_profile/jieli/JL_rcsp/rcsp_updata/rcsp_adv_user_update.c">
			<Option compilerVar="CC" />
		</Unit>
		<Unit filename="apps/common/third_party_profile/jieli/JL_rcsp/rcsp_updata/rcsp_adv_user_update.h" />
		<Unit filename="apps/common/third_party_profile/jieli/JL_rcsp/rcsp_updata/rcsp_ch_loader_download.c">
			<Option compilerVar="CC" />
		</Unit>
		<Unit filename="apps/common/third_party_profile/jieli/JL_rcsp/rcsp_updata/rcsp_user_update.c">
			<Option compilerVar="CC" />
		</Unit>
		<Unit filename="apps/common/third_party_profile/jieli/JL_rcsp/rcsp_updata/rcsp_user_update.h" />
		<Unit filename="apps/common/third_party_profile/jieli/le_common.h" />
		<Unit filename="apps/common/third_party_profile/jieli/online_db/online_db_deal.c">
			<Option compilerVar="CC" />
		</Unit>
		<Unit filename="apps/common/third_party_profile/jieli/online_db/online_db_deal.h" />
		<Unit filename="apps/common/third_party_profile/jieli/online_db/spp_online_db.c">
			<Option compilerVar="CC" />
		</Unit>
		<Unit filename="apps/common/third_party_profile/jieli/online_db/spp_online_db.h" />
		<Unit filename="apps/common/third_party_profile/jieli/trans_data_demo/le_trans_data.c">
			<Option compilerVar="CC" />
		</Unit>
		<Unit filename="apps/common/third_party_profile/jieli/trans_data_demo/le_trans_data.h" />
		<Unit filename="apps/common/third_party_profile/jieli/trans_data_demo/spp_trans_data.c">
			<Option compilerVar="CC" />
		</Unit>
		<Unit filename="apps/common/third_party_profile/jieli/trans_data_demo/spp_trans_data.h" />
		<Unit filename="apps/common/third_party_profile/xiaomi/le_mi_server.c">
			<Option compilerVar="CC" />
		</Unit>
		<Unit filename="apps/common/third_party_profile/xiaomi/mi_spp_user.c">
			<Option compilerVar="CC" />
		</Unit>
		<Unit filename="apps/common/third_party_profile/xiaomi/mi_spp_user.h" />
		<Unit filename="apps/common/third_party_profile/xiaomi/mma_tws.c">
			<Option compilerVar="CC" />
		</Unit>
		<Unit filename="apps/common/third_party_profile/xiaomi/mma_update_user.c">
			<Option compilerVar="CC" />
		</Unit>
		<Unit filename="apps/common/update/update.c">
			<Option compilerVar="CC" />
		</Unit>
		<Unit filename="apps/common/update/update_tws.c">
			<Option compilerVar="CC" />
		</Unit>
		<Unit filename="apps/common/update/update_tws_new.c">
			<Option compilerVar="CC" />
		</Unit>
		<Unit filename="apps/common/usb/device/descriptor.c">
			<Option compilerVar="CC" />
		</Unit>
		<Unit filename="apps/common/usb/device/msd.c">
			<Option compilerVar="CC" />
		</Unit>
		<Unit filename="apps/common/usb/device/msd_upgrade.c">
			<Option compilerVar="CC" />
		</Unit>
		<Unit filename="apps/common/usb/device/task_pc.c">
			<Option compilerVar="CC" />
		</Unit>
		<Unit filename="apps/common/usb/device/usb_device.c">
			<Option compilerVar="CC" />
		</Unit>
		<Unit filename="apps/common/usb/device/user_setup.c">
			<Option compilerVar="CC" />
		</Unit>
		<Unit filename="apps/common/usb/usb_common_def.h" />
		<Unit filename="apps/common/usb/usb_config.c">
			<Option compilerVar="CC" />
		</Unit>
		<Unit filename="apps/common/usb/usb_config.h" />
		<Unit filename="apps/common/usb/usb_std_class_def.h" />
		<Unit filename="apps/earphone/aec/br30/audio_aec_demo.c">
			<Option compilerVar="CC" />
		</Unit>
		<Unit filename="apps/earphone/aec/br30/audio_aec_dms.c">
			<Option compilerVar="CC" />
		</Unit>
		<Unit filename="apps/earphone/aec/br30/audio_aec_online.c">
			<Option compilerVar="CC" />
		</Unit>
		<Unit filename="apps/earphone/aec/br30/audio_aec_online.h" />
		<Unit filename="apps/earphone/app_ancbox.c">
			<Option compilerVar="CC" />
		</Unit>
		<Unit filename="apps/earphone/app_anctool.c">
			<Option compilerVar="CC" />
		</Unit>
		<Unit filename="apps/earphone/app_main.c">
			<Option compilerVar="CC" />
		</Unit>
		<Unit filename="apps/earphone/ble_adv.c">
			<Option compilerVar="CC" />
		</Unit>
		<Unit filename="apps/earphone/board/br30/board_ac8972a_demo.c">
			<Option compilerVar="CC" />
		</Unit>
		<Unit filename="apps/earphone/board/br30/board_ac8972a_demo_cfg.h" />
		<Unit filename="apps/earphone/board/br30/board_ac8973a_anc.c">
			<Option compilerVar="CC" />
		</Unit>
		<Unit filename="apps/earphone/board/br30/board_ac8973a_anc_cfg.h" />
		<Unit filename="apps/earphone/board/br30/board_ac8976_ms70.c">
			<Option compilerVar="CC" />
		</Unit>
		<Unit filename="apps/earphone/board/br30/board_ac8976_ms70_cfg.h" />
		<Unit filename="apps/earphone/board/br30/board_ac8976a_anc.c">
			<Option compilerVar="CC" />
		</Unit>
		<Unit filename="apps/earphone/board/br30/board_ac8976a_anc_cfg.h" />
		<Unit filename="apps/earphone/board/br30/board_ac8976a_dms.c">
			<Option compilerVar="CC" />
		</Unit>
		<Unit filename="apps/earphone/board/br30/board_ac8976a_dms_cfg.h" />
		<Unit filename="apps/earphone/board/br30/board_ac8976a_npu.c">
			<Option compilerVar="CC" />
		</Unit>
		<Unit filename="apps/earphone/board/br30/board_ac8976a_npu_cfg.h" />
		<Unit filename="apps/earphone/board/br30/board_ac8976d_tws.c">
			<Option compilerVar="CC" />
		</Unit>
		<Unit filename="apps/earphone/board/br30/board_ac8976d_tws_cfg.h" />
		<Unit filename="apps/earphone/board/br30/board_ac897n_sd_demo.c">
			<Option compilerVar="CC" />
		</Unit>
		<Unit filename="apps/earphone/board/br30/board_ac897n_sd_demo_cfg.h" />
		<Unit filename="apps/earphone/board/br30/board_ad6973a_anc.c">
			<Option compilerVar="CC" />
		</Unit>
		<Unit filename="apps/earphone/board/br30/board_ad6973a_anc_cfg.h" />
		<Unit filename="apps/earphone/board/br30/board_ad697n_anc.c">
			<Option compilerVar="CC" />
		</Unit>
		<Unit filename="apps/earphone/board/br30/board_ad697n_anc_cfg.h" />
		<Unit filename="apps/earphone/board/br30/board_ad697n_demo.c">
			<Option compilerVar="CC" />
		</Unit>
		<Unit filename="apps/earphone/board/br30/board_ad697n_demo_cfg.h" />
		<Unit filename="apps/earphone/board/br30/board_config.h" />
		<Unit filename="apps/earphone/bt_auto_test.c">
			<Option compilerVar="CC" />
		</Unit>
		<Unit filename="apps/earphone/bt_background.c">
			<Option compilerVar="CC" />
		</Unit>
		<Unit filename="apps/earphone/bt_ble.c">
			<Option compilerVar="CC" />
		</Unit>
		<Unit filename="apps/earphone/bt_tws.c">
			<Option compilerVar="CC" />
		</Unit>
		<Unit filename="apps/earphone/default_event_handler.c">
			<Option compilerVar="CC" />
		</Unit>
		<Unit filename="apps/earphone/earphone.c">
			<Option compilerVar="CC" />
		</Unit>
		<Unit filename="apps/earphone/eartch_event_deal.c">
			<Option compilerVar="CC" />
		</Unit>
		<Unit filename="apps/earphone/fs_test.c">
			<Option compilerVar="CC" />
		</Unit>
		<Unit filename="apps/earphone/idle.c">
			<Option compilerVar="CC" />
		</Unit>
		<Unit filename="apps/earphone/include/aec_user.h" />
		<Unit filename="apps/earphone/include/app_action.h" />
		<Unit filename="apps/earphone/include/app_charge.h" />
		<Unit filename="apps/earphone/include/app_chargestore.h" />
		<Unit filename="apps/earphone/include/app_config.h" />
		<Unit filename="apps/earphone/include/app_main.h" />
		<Unit filename="apps/earphone/include/app_music.h" />
		<Unit filename="apps/earphone/include/app_online_cfg.h" />
		<Unit filename="apps/earphone/include/app_power_manage.h" />
		<Unit filename="apps/earphone/include/app_task.h" />
		<Unit filename="apps/earphone/include/bt_background.h" />
		<Unit filename="apps/earphone/include/bt_ble.h" />
		<Unit filename="apps/earphone/include/bt_tws.h" />
		<Unit filename="apps/earphone/include/default_event_handler.h" />
		<Unit filename="apps/earphone/include/earphone.h" />
		<Unit filename="apps/earphone/include/key_event_deal.h" />
		<Unit filename="apps/earphone/include/pbg_user.h" />
		<Unit filename="apps/earphone/include/tone_player.h" />
		<Unit filename="apps/earphone/include/ui_manage.h" />
		<Unit filename="apps/earphone/include/user_cfg_id.h" />
		<Unit filename="apps/earphone/include/vol_sync.h" />
		<Unit filename="apps/earphone/key_event_deal.c">
			<Option compilerVar="CC" />
		</Unit>
		<Unit filename="apps/earphone/ll_sync_demo/ll_sync_demo.c">
			<Option compilerVar="CC" />
		</Unit>
		<Unit filename="apps/earphone/log_config/app_config.c">
			<Option compilerVar="CC" />
		</Unit>
		<Unit filename="apps/earphone/log_config/lib_btctrler_config.c">
			<Option compilerVar="CC" />
		</Unit>
		<Unit filename="apps/earphone/log_config/lib_btstack_config.c">
			<Option compilerVar="CC" />
		</Unit>
		<Unit filename="apps/earphone/log_config/lib_driver_config.c">
			<Option compilerVar="CC" />
		</Unit>
		<Unit filename="apps/earphone/log_config/lib_media_config.c">
			<Option compilerVar="CC" />
		</Unit>
		<Unit filename="apps/earphone/log_config/lib_system_config.c">
			<Option compilerVar="CC" />
		</Unit>
		<Unit filename="apps/earphone/log_config/lib_update_config.c">
			<Option compilerVar="CC" />
		</Unit>
		<Unit filename="apps/earphone/music/music.c">
			<Option compilerVar="CC" />
		</Unit>
		<Unit filename="apps/earphone/pbg_demo.c">
			<Option compilerVar="CC" />
		</Unit>
		<Unit filename="apps/earphone/pc/pc.c">
			<Option compilerVar="CC" />
		</Unit>
		<Unit filename="apps/earphone/power_manage/app_charge.c">
			<Option compilerVar="CC" />
		</Unit>
		<Unit filename="apps/earphone/power_manage/app_chargestore.c">
			<Option compilerVar="CC" />
		</Unit>
		<Unit filename="apps/earphone/power_manage/app_power_manage.c">
			<Option compilerVar="CC" />
		</Unit>
		<Unit filename="apps/earphone/rcsp/jl_phone_app.c">
			<Option compilerVar="CC" />
		</Unit>
		<Unit filename="apps/earphone/rcsp/rcsp_adv.c">
			<Option compilerVar="CC" />
		</Unit>
		<Unit filename="apps/earphone/sdk_version.z.S" />
		<Unit filename="apps/earphone/tme/tme_earphone.c">
			<Option compilerVar="CC" />
		</Unit>
		<Unit filename="apps/earphone/tme/tme_key.c">
			<Option compilerVar="CC" />
		</Unit>
		<Unit filename="apps/earphone/tone_table.c">
			<Option compilerVar="CC" />
		</Unit>
		<Unit filename="apps/earphone/trans_data_demo/trans_data_demo.c">
			<Option compilerVar="CC" />
		</Unit>
		<Unit filename="apps/earphone/ui_manage.c">
			<Option compilerVar="CC" />
		</Unit>
		<Unit filename="apps/earphone/user_cfg.c">
			<Option compilerVar="CC" />
		</Unit>
		<Unit filename="apps/earphone/version.c">
			<Option compilerVar="CC" />
		</Unit>
		<Unit filename="apps/earphone/vol_sync.c">
			<Option compilerVar="CC" />
		</Unit>
		<Unit filename="apps/earphone/xm_mma/mma_earphone.c">
			<Option compilerVar="CC" />
		</Unit>
		<Unit filename="apps/earphone/xm_mma/mma_key.c">
			<Option compilerVar="CC" />
		</Unit>
		<Unit filename="cpu/br30/Resample_api.h" />
		<Unit filename="cpu/br30/adc_api.c">
			<Option compilerVar="CC" />
		</Unit>
		<Unit filename="cpu/br30/aec_tool.c">
			<Option compilerVar="CC" />
		</Unit>
		<Unit filename="cpu/br30/app_audio.c">
			<Option compilerVar="CC" />
		</Unit>
		<Unit filename="cpu/br30/audio_anc.c">
			<Option compilerVar="CC" />
		</Unit>
		<Unit filename="cpu/br30/audio_anc.h" />
		<Unit filename="cpu/br30/audio_anc_coeff.h" />
		<Unit filename="cpu/br30/audio_capture.c">
			<Option compilerVar="CC" />
		</Unit>
		<Unit filename="cpu/br30/audio_capture.h" />
		<Unit filename="cpu/br30/audio_codec_clock.c">
			<Option compilerVar="CC" />
		</Unit>
		<Unit filename="cpu/br30/audio_codec_clock.h" />
		<Unit filename="cpu/br30/audio_config.h" />
		<Unit filename="cpu/br30/audio_cvp_demo.c">
			<Option compilerVar="CC" />
		</Unit>
		<Unit filename="cpu/br30/audio_dac_digital_volume.c">
			<Option compilerVar="CC" />
		</Unit>
		<Unit filename="cpu/br30/audio_dac_digital_volume.h" />
		<Unit filename="cpu/br30/audio_dec.c">
			<Option compilerVar="CC" />
		</Unit>
		<Unit filename="cpu/br30/audio_dec/audio_dec.h" />
		<Unit filename="cpu/br30/audio_dec/audio_dec_file.c">
			<Option compilerVar="CC" />
		</Unit>
		<Unit filename="cpu/br30/audio_dec/audio_dec_file.h" />
		<Unit filename="cpu/br30/audio_dms_tool.c">
			<Option compilerVar="CC" />
		</Unit>
		<Unit filename="cpu/br30/audio_dms_tool.h" />
		<Unit filename="cpu/br30/audio_enc.c">
			<Option compilerVar="CC" />
		</Unit>
		<Unit filename="cpu/br30/audio_enc.h" />
		<Unit filename="cpu/br30/audio_eq_tab.h" />
		<Unit filename="cpu/br30/audio_iis.c">
			<Option compilerVar="CC" />
		</Unit>
		<Unit filename="cpu/br30/audio_iis.h" />
		<Unit filename="cpu/br30/audio_link.c">
			<Option compilerVar="CC" />
		</Unit>
		<Unit filename="cpu/br30/audio_link.h" />
		<Unit filename="cpu/br30/audio_mic_capless.c">
			<Option compilerVar="CC" />
		</Unit>
		<Unit filename="cpu/br30/audio_mic_codec.c">
			<Option compilerVar="CC" />
		</Unit>
		<Unit filename="cpu/br30/audio_sync.c">
			<Option compilerVar="CC" />
		</Unit>
		<Unit filename="cpu/br30/charge.c">
			<Option compilerVar="CC" />
		</Unit>
		<Unit filename="cpu/br30/chargestore.c">
			<Option compilerVar="CC" />
		</Unit>
		<Unit filename="cpu/br30/clock_cfg.h" />
		<Unit filename="cpu/br30/clock_manager.c">
			<Option compilerVar="CC" />
		</Unit>
		<Unit filename="cpu/br30/ctmu.c">
			<Option compilerVar="CC" />
		</Unit>
		<Unit filename="cpu/br30/eq_config.c">
			<Option compilerVar="CC" />
		</Unit>
		<Unit filename="cpu/br30/iic_hw.c">
			<Option compilerVar="CC" />
		</Unit>
		<Unit filename="cpu/br30/iic_soft.c">
			<Option compilerVar="CC" />
		</Unit>
		<Unit filename="cpu/br30/irflt.c">
			<Option compilerVar="CC" />
		</Unit>
		<Unit filename="cpu/br30/lp_touch_key.c">
			<Option compilerVar="CC" />
		</Unit>
		<Unit filename="cpu/br30/lp_touch_key_epd.c">
			<Option compilerVar="CC" />
		</Unit>
		<Unit filename="cpu/br30/lp_touch_key_epd.h" />
		<Unit filename="cpu/br30/overlay_code.c">
			<Option compilerVar="CC" />
		</Unit>
		<Unit filename="cpu/br30/overlay_code.h" />
		<Unit filename="cpu/br30/power_api.c">
			<Option compilerVar="CC" />
		</Unit>
		<Unit filename="cpu/br30/power_api.h" />
		<Unit filename="cpu/br30/pwm_led.c">
			<Option compilerVar="CC" />
		</Unit>
		<Unit filename="cpu/br30/setup.c">
			<Option compilerVar="CC" />
		</Unit>
		<Unit filename="cpu/br30/spi.c">
			<Option compilerVar="CC" />
		</Unit>
		<Unit filename="cpu/br30/tone_player.c">
			<Option compilerVar="CC" />
		</Unit>
		<Unit filename="cpu/br30/tone_player_api.h" />
		<Unit filename="cpu/br30/uart_dev.c">
			<Option compilerVar="CC" />
		</Unit>
		<Unit filename="include_lib/btctrler/ble/hci_ll.h" />
		<Unit filename="include_lib/btctrler/ble/ll_config.h" />
		<Unit filename="include_lib/btctrler/btcontroller_mode.h" />
		<Unit filename="include_lib/btctrler/btcontroller_modules.h" />
		<Unit filename="include_lib/btctrler/btctrler_task.h" />
		<Unit filename="include_lib/btctrler/classic/hci_lmp.h" />
		<Unit filename="include_lib/btctrler/classic/lmp_config.h" />
		<Unit filename="include_lib/btctrler/classic/tws_api.h" />
		<Unit filename="include_lib/btctrler/classic/tws_event.h" />
		<Unit filename="include_lib/btctrler/classic/tws_local_media_sync.h" />
		<Unit filename="include_lib/btctrler/hci_transport.h" />
		<Unit filename="include_lib/btctrler/port/br30/btcontroller_config.h" />
		<Unit filename="include_lib/btstack/TME/TME_config.h" />
		<Unit filename="include_lib/btstack/TME/TME_main.h" />
		<Unit filename="include_lib/btstack/TME/TME_msg.h" />
		<Unit filename="include_lib/btstack/TME/TME_protocol.h" />
		<Unit filename="include_lib/btstack/a2dp_media_codec.h" />
		<Unit filename="include_lib/btstack/avctp_user.h" />
		<Unit filename="include_lib/btstack/bluetooth.h" />
		<Unit filename="include_lib/btstack/bt_profile_config.h" />
		<Unit filename="include_lib/btstack/btstack_event.h" />
		<Unit filename="include_lib/btstack/btstack_task.h" />
		<Unit filename="include_lib/btstack/btstack_typedef.h" />
		<Unit filename="include_lib/btstack/frame_queque.h" />
		<Unit filename="include_lib/btstack/le/att.h" />
		<Unit filename="include_lib/btstack/le/ble_api.h" />
		<Unit filename="include_lib/btstack/le/ble_data_types.h" />
		<Unit filename="include_lib/btstack/le/gatt.h" />
		<Unit filename="include_lib/btstack/le/le_user.h" />
		<Unit filename="include_lib/btstack/le/sm.h" />
		<Unit filename="include_lib/btstack/third_party/baidu/dma_protobuf.h" />
		<Unit filename="include_lib/btstack/third_party/baidu/dueros_dma.h" />
		<Unit filename="include_lib/btstack/third_party/baidu/dueros_dma_pb.h" />
		<Unit filename="include_lib/btstack/third_party/baidu/dueros_platform.h" />
		<Unit filename="include_lib/btstack/third_party/common/ble_user.h" />
		<Unit filename="include_lib/btstack/third_party/common/spp_user.h" />
		<Unit filename="include_lib/btstack/third_party/rcsp/JL_rcsp_api.h" />
		<Unit filename="include_lib/btstack/third_party/rcsp/JL_rcsp_packet.h" />
		<Unit filename="include_lib/btstack/third_party/rcsp/JL_rcsp_protocol.h" />
		<Unit filename="include_lib/btstack/third_party/rcsp/attr.h" />
		<Unit filename="include_lib/driver/cpu/br30/asm/adc_api.h" />
		<Unit filename="include_lib/driver/cpu/br30/asm/br30.h" />
		<Unit filename="include_lib/driver/cpu/br30/asm/cache.h" />
		<Unit filename="include_lib/driver/cpu/br30/asm/charge.h" />
		<Unit filename="include_lib/driver/cpu/br30/asm/chargestore.h" />
		<Unit filename="include_lib/driver/cpu/br30/asm/clock.h" />
		<Unit filename="include_lib/driver/cpu/br30/asm/clock_hw.h" />
		<Unit filename="include_lib/driver/cpu/br30/asm/cpu.h" />
		<Unit filename="include_lib/driver/cpu/br30/asm/crc16.h" />
		<Unit filename="include_lib/driver/cpu/br30/asm/csfr.h" />
		<Unit filename="include_lib/driver/cpu/br30/asm/ctmu.h" />
		<Unit filename="include_lib/driver/cpu/br30/asm/debug.h" />
		<Unit filename="include_lib/driver/cpu/br30/asm/efuse.h" />
		<Unit filename="include_lib/driver/cpu/br30/asm/gpio.h" />
		<Unit filename="include_lib/driver/cpu/br30/asm/hwi.h" />
		<Unit filename="include_lib/driver/cpu/br30/asm/iic_hw.h" />
		<Unit filename="include_lib/driver/cpu/br30/asm/iic_soft.h" />
		<Unit filename="include_lib/driver/cpu/br30/asm/iis.h" />
		<Unit filename="include_lib/driver/cpu/br30/asm/includes.h" />
		<Unit filename="include_lib/driver/cpu/br30/asm/io_imap.h" />
		<Unit filename="include_lib/driver/cpu/br30/asm/io_omap.h" />
		<Unit filename="include_lib/driver/cpu/br30/asm/irflt.h" />
		<Unit filename="include_lib/driver/cpu/br30/asm/irq.h" />
		<Unit filename="include_lib/driver/cpu/br30/asm/lp_touch_key.h" />
		<Unit filename="include_lib/driver/cpu/br30/asm/plcnt.h" />
		<Unit filename="include_lib/driver/cpu/br30/asm/power/p11.h" />
		<Unit filename="include_lib/driver/cpu/br30/asm/power/p33.h" />
		<Unit filename="include_lib/driver/cpu/br30/asm/power_interface.h" />
		<Unit filename="include_lib/driver/cpu/br30/asm/pwm_led.h" />
		<Unit filename="include_lib/driver/cpu/br30/asm/rdec.h" />
		<Unit filename="include_lib/driver/cpu/br30/asm/sdmmc.h" />
		<Unit filename="include_lib/driver/cpu/br30/asm/spi.h" />
		<Unit filename="include_lib/driver/cpu/br30/asm/spiflash.h" />
		<Unit filename="include_lib/driver/cpu/br30/asm/uart.h" />
		<Unit filename="include_lib/driver/cpu/br30/asm/uart_dev.h" />
		<Unit filename="include_lib/driver/cpu/br30/asm/usb.h" />
		<Unit filename="include_lib/driver/cpu/br30/asm/wdt.h" />
		<Unit filename="include_lib/driver/device/sdio_host_init.h" />
		<Unit filename="include_lib/driver/device/sdmmc.h" />
		<Unit filename="include_lib/driver/device/spiflash.h" />
		<Unit filename="include_lib/driver/device/uart.h" />
		<Unit filename="include_lib/driver/device/usb/ch9.h" />
		<Unit filename="include_lib/driver/device/usb/device/descriptor.h" />
		<Unit filename="include_lib/driver/device/usb/device/hid.h" />
		<Unit filename="include_lib/driver/device/usb/device/msd.h" />
		<Unit filename="include_lib/driver/device/usb/device/uac_audio.h" />
		<Unit filename="include_lib/driver/device/usb/device/usb_stack.h" />
		<Unit filename="include_lib/driver/device/usb/host/usb_host.h" />
		<Unit filename="include_lib/driver/device/usb/otg.h" />
		<Unit filename="include_lib/driver/device/usb/scsi.h" />
		<Unit filename="include_lib/driver/device/usb/usb_phy.h" />
		<Unit filename="include_lib/media/a2dp_sample_detect.h" />
		<Unit filename="include_lib/media/audio_stream.h" />
		<Unit filename="include_lib/media/bt_audio_timestamp.h" />
		<Unit filename="include_lib/media/media_new/media/PLC.h" />
		<Unit filename="include_lib/media/media_new/media/anc_btspp.h" />
		<Unit filename="include_lib/media/media_new/media/anc_uart.h" />
		<Unit filename="include_lib/media/media_new/media/application/audio_dec_app.h" />
		<Unit filename="include_lib/media/media_new/media/application/audio_drc.h" />
		<Unit filename="include_lib/media/media_new/media/application/audio_energy_detect.h" />
		<Unit filename="include_lib/media/media_new/media/application/audio_eq.h" />
		<Unit filename="include_lib/media/media_new/media/application/audio_pitch.h" />
		<Unit filename="include_lib/media/media_new/media/application/audio_surround.h" />
		<Unit filename="include_lib/media/media_new/media/application/audio_vbass.h" />
		<Unit filename="include_lib/media/media_new/media/audio_base.h" />
		<Unit filename="include_lib/media/media_new/media/audio_decoder.h" />
		<Unit filename="include_lib/media/media_new/media/audio_encoder.h" />
		<Unit filename="include_lib/media/media_new/media/audio_syncts.h" />
		<Unit filename="include_lib/media/media_new/media/automute.h" />
		<Unit filename="include_lib/media/media_new/media/cpu/br30/asm/anc.h" />
		<Unit filename="include_lib/media/media_new/media/cpu/br30/asm/audio_adc.h" />
		<Unit filename="include_lib/media/media_new/media/cpu/br30/asm/audio_linein.h" />
		<Unit filename="include_lib/media/media_new/media/cpu/br30/asm/audio_src.h" />
		<Unit filename="include_lib/media/media_new/media/cpu/br30/asm/audio_src_sync.h" />
		<Unit filename="include_lib/media/media_new/media/cpu/br30/asm/audio_sync_resample.h" />
		<Unit filename="include_lib/media/media_new/media/cpu/br30/asm/cpu_includes.h" />
		<Unit filename="include_lib/media/media_new/media/cpu/br30/asm/dac.h" />
		<Unit filename="include_lib/media/media_new/media/cpu/br30/asm/hw_eq.h" />
		<Unit filename="include_lib/media/media_new/media/cpu/br30/asm/pdm_link.h" />
		<Unit filename="include_lib/media/media_new/media/cpu/br30/commproc.h" />
		<Unit filename="include_lib/media/media_new/media/cpu/br30/commproc_dms.h" />
		<Unit filename="include_lib/media/media_new/media/effectrs_sync.h" />
		<Unit filename="include_lib/media/media_new/media/file_decoder.h" />
		<Unit filename="include_lib/media/media_new/media/includes.h" />
		<Unit filename="include_lib/media/media_new/media/limiter_noiseGate_api.h" />
		<Unit filename="include_lib/media/media_new/media/mixer.h" />
		<Unit filename="include_lib/media/media_new/media/pitchshifter/pitchshifter_api.h" />
		<Unit filename="include_lib/media/media_new/media/surround/effect_sur_api.h" />
		<Unit filename="include_lib/media/media_new/media/sw_drc.h" />
		<Unit filename="include_lib/media/media_new/media/vbass/vbass_api.h" />
		<Unit filename="include_lib/media/tech_lib/LFaudio_plc_api.h" />
		<Unit filename="include_lib/system/app_core.h" />
		<Unit filename="include_lib/system/app_msg.h" />
		<Unit filename="include_lib/system/bank_switch.h" />
		<Unit filename="include_lib/system/config/config_interface.h" />
		<Unit filename="include_lib/system/config/config_target.h" />
		<Unit filename="include_lib/system/config/config_transport.h" />
		<Unit filename="include_lib/system/crypto_toolbox/Crypto_hash.h" />
		<Unit filename="include_lib/system/crypto_toolbox/aes_cmac.h" />
		<Unit filename="include_lib/system/crypto_toolbox/bigint.h" />
		<Unit filename="include_lib/system/crypto_toolbox/bigint_impl.h" />
		<Unit filename="include_lib/system/crypto_toolbox/crypto.h" />
		<Unit filename="include_lib/system/crypto_toolbox/ecdh.h" />
		<Unit filename="include_lib/system/crypto_toolbox/endian.h" />
		<Unit filename="include_lib/system/crypto_toolbox/hmac.h" />
		<Unit filename="include_lib/system/crypto_toolbox/micro-ecc/uECC_new.h" />
		<Unit filename="include_lib/system/crypto_toolbox/rijndael.h" />
		<Unit filename="include_lib/system/crypto_toolbox/sha256.h" />
		<Unit filename="include_lib/system/database.h" />
		<Unit filename="include_lib/system/debug.h" />
		<Unit filename="include_lib/system/device/adkey.h" />
		<Unit filename="include_lib/system/device/device.h" />
		<Unit filename="include_lib/system/device/includes.h" />
		<Unit filename="include_lib/system/device/ioctl_cmds.h" />
		<Unit filename="include_lib/system/device/iokey.h" />
		<Unit filename="include_lib/system/device/irkey.h" />
		<Unit filename="include_lib/system/device/key_driver.h" />
		<Unit filename="include_lib/system/device/rdec_key.h" />
		<Unit filename="include_lib/system/device/slidekey.h" />
		<Unit filename="include_lib/system/device/touch_key.h" />
		<Unit filename="include_lib/system/device/vm.h" />
		<Unit filename="include_lib/system/event.h" />
		<Unit filename="include_lib/system/fs/fs.h" />
		<Unit filename="include_lib/system/fs/fs_file_name.h" />
		<Unit filename="include_lib/system/fs/sdfile.h" />
		<Unit filename="include_lib/system/generic/ascii.h" />
		<Unit filename="include_lib/system/generic/atomic.h" />
		<Unit filename="include_lib/system/generic/circular_buf.h" />
		<Unit filename="include_lib/system/generic/cpu.h" />
		<Unit filename="include_lib/system/generic/debug_lite.h" />
		<Unit filename="include_lib/system/generic/errno-base.h" />
		<Unit filename="include_lib/system/generic/gpio.h" />
		<Unit filename="include_lib/system/generic/includes.h" />
		<Unit filename="include_lib/system/generic/index.h" />
		<Unit filename="include_lib/system/generic/ioctl.h" />
		<Unit filename="include_lib/system/generic/irq.h" />
		<Unit filename="include_lib/system/generic/jiffies.h" />
		<Unit filename="include_lib/system/generic/lbuf.h" />
		<Unit filename="include_lib/system/generic/lbuf_lite.h" />
		<Unit filename="include_lib/system/generic/list.h" />
		<Unit filename="include_lib/system/generic/log.h" />
		<Unit filename="include_lib/system/generic/printf.h" />
		<Unit filename="include_lib/system/generic/rect.h" />
		<Unit filename="include_lib/system/generic/typedef.h" />
		<Unit filename="include_lib/system/generic/version.h" />
		<Unit filename="include_lib/system/includes.h" />
		<Unit filename="include_lib/system/init.h" />
		<Unit filename="include_lib/system/malloc.h" />
		<Unit filename="include_lib/system/os/FreeRTOS/FreeRTOS.h" />
		<Unit filename="include_lib/system/os/FreeRTOS/FreeRTOSConfig.h" />
		<Unit filename="include_lib/system/os/FreeRTOS/deprecated_definitions.h" />
		<Unit filename="include_lib/system/os/FreeRTOS/list.h" />
		<Unit filename="include_lib/system/os/FreeRTOS/mpu_wrappers.h" />
		<Unit filename="include_lib/system/os/FreeRTOS/pi32v2/portmacro.h" />
		<Unit filename="include_lib/system/os/FreeRTOS/portable.h" />
		<Unit filename="include_lib/system/os/FreeRTOS/projdefs.h" />
		<Unit filename="include_lib/system/os/FreeRTOS/queue.h" />
		<Unit filename="include_lib/system/os/FreeRTOS/semphr.h" />
		<Unit filename="include_lib/system/os/FreeRTOS/task.h" />
		<Unit filename="include_lib/system/os/os_api.h" />
		<Unit filename="include_lib/system/os/os_cpu.h" />
		<Unit filename="include_lib/system/os/os_error.h" />
		<Unit filename="include_lib/system/os/os_type.h" />
		<Unit filename="include_lib/system/power_manage.h" />
		<Unit filename="include_lib/system/server/server_core.h" />
		<Unit filename="include_lib/system/spi/nor_fs.h" />
		<Unit filename="include_lib/system/spinlock.h" />
		<Unit filename="include_lib/system/sys_time.h" />
		<Unit filename="include_lib/system/syscfg_id.h" />
		<Unit filename="include_lib/system/task.h" />
		<Unit filename="include_lib/system/timer.h" />
		<Unit filename="include_lib/system/user_cfg.h" />
		<Unit filename="include_lib/system/wait.h" />
		<Unit filename="include_lib/update/dual_bank_updata_api.h" />
		<Unit filename="include_lib/update/uart_update.h" />
		<Unit filename="include_lib/update/update.h" />
		<Unit filename="include_lib/update/update_loader_download.h" />
		<Extensions>
			<code_completion />
			<envvars />
			<debugger />
		</Extensions>
	</Project>
</CodeBlocks_project_file>
